
Microsoft Visual Studio Solution File, Format Version 12.00
# Visual Studio Version 17
VisualStudioVersion = 17.2.32630.192
MinimumVisualStudioVersion = 10.0.40219.1
Project("{FAE04EC0-301F-11D3-BF4B-00C04F79EFBC}") = "DocumentManager.API", "DocumentManager.API\DocumentManager.API.csproj", "{90EB557D-AA08-43FA-9033-03F42FB1FE21}"
EndProject
Global
	GlobalSection(SolutionConfigurationPlatforms) = preSolution
		Debug|Any CPU = Debug|Any CPU
		Release|Any CPU = Release|Any CPU
	EndGlobalSection
	GlobalSection(ProjectConfigurationPlatforms) = postSolution
		{90EB557D-AA08-43FA-9033-03F42FB1FE21}.Debug|Any CPU.ActiveCfg = Debug|Any CPU
		{90EB557D-AA08-43FA-9033-03F42FB1FE21}.Debug|Any CPU.Build.0 = Debug|Any CPU
		{90EB557D-AA08-43FA-9033-03F42FB1FE21}.Release|Any CPU.ActiveCfg = Release|Any CPU
		{90EB557D-AA08-43FA-9033-03F42FB1FE21}.Release|Any CPU.Build.0 = Release|Any CPU
	EndGlobalSection
	GlobalSection(SolutionProperties) = preSolution
		HideSolutionNode = FALSE
	EndGlobalSection
	GlobalSection(ExtensibilityGlobals) = postSolution
		SolutionGuid = {FFB30D0A-1CDD-4536-BC55-4D9D4498B3F1}
	EndGlobalSection
EndGlobal
